{
  "name": "empty",
  "version": "1.0.0",
  "lockfileVersion": 1,
  "requires": true,
  "dependencies": {
    "@vertx/core": {
      "version": "3.7.1",
      "resolved": "https://registry.npmjs.org/@vertx/core/-/core-3.7.1.tgz",
      "integrity": "sha512-LjbaPlIEeoglqhXUPuu7bDWVz6Jjs5liUPdww3XncZzl1QDciKmRE4WgNm/pwW2Y8qo4DQWlsqcaNh2TIg/i8A=="
    },
    "@vertx/unit": {
      "version": "3.7.1",
      "resolved": "https://registry.npmjs.org/@vertx/unit/-/unit-3.7.1.tgz",
      "integrity": "sha512-RxcM0cA8ISc9wPf1pZcd55tDmM21KLD1yfRpknqG7wBVo1iGRDs4ZzFDvxE1KWG0GmZEc/xGsHmLDhbK+hUHHg==",
      "dev": true,
      "requires": {
        "@vertx/core": "3.7.1"
      }
    }
  }
}
